
Microsoft Visual Studio Solution File, Format Version 12.00
# Visual Studio Version 16
VisualStudioVersion = 16.0.31515.178
MinimumVisualStudioVersion = 10.0.40219.1
Project("{FAE04EC0-301F-11D3-BF4B-00C04F79EFBC}") = "Laatokoshero", "Laatokoshero\Laatokoshero.csproj", "{F63E9B16-5744-4E51-9C14-C8F3AC3057D0}"
EndProject
Global
	GlobalSection(SolutionConfigurationPlatforms) = preSolution
		Debug|Any CPU = Debug|Any CPU
		Release|Any CPU = Release|Any CPU
	EndGlobalSection
	GlobalSection(ProjectConfigurationPlatforms) = postSolution
		{F63E9B16-5744-4E51-9C14-C8F3AC3057D0}.Debug|Any CPU.ActiveCfg = Debug|Any CPU
		{F63E9B16-5744-4E51-9C14-C8F3AC3057D0}.Debug|Any CPU.Build.0 = Debug|Any CPU
		{F63E9B16-5744-4E51-9C14-C8F3AC3057D0}.Release|Any CPU.ActiveCfg = Release|Any CPU
		{F63E9B16-5744-4E51-9C14-C8F3AC3057D0}.Release|Any CPU.Build.0 = Release|Any CPU
	EndGlobalSection
	GlobalSection(SolutionProperties) = preSolution
		HideSolutionNode = FALSE
	EndGlobalSection
	GlobalSection(ExtensibilityGlobals) = postSolution
		SolutionGuid = {2E98992E-DAAC-43D1-94C6-CEFE4FBF30E6}
	EndGlobalSection
EndGlobal
